
Microsoft Visual Studio Solution File, Format Version 12.00
# Visual Studio Version 17
VisualStudioVersion = 17.0.31903.59
MinimumVisualStudioVersion = 10.0.40219.1
Project("{9A19103F-16F7-4668-BE54-9A1E7A4F7556}") = "Adecco.Core", "src\Adecco.Core\Adecco.Core.csproj", "{917FB644-3B28-4554-AF63-72E92B663A24}"
EndProject
Project("{9A19103F-16F7-4668-BE54-9A1E7A4F7556}") = "Adecco.Application", "src\Adecco.Application\Adecco.Application.csproj", "{631A9875-AA6B-498B-ADE1-CAFE7336122F}"
EndProject
Project("{9A19103F-16F7-4668-BE54-9A1E7A4F7556}") = "Adecco.Persistence", "src\Adecco.Persistence\Adecco.Persistence.csproj", "{964A7DFE-0046-4FBF-896D-B140F76E8ACA}"
EndProject
Project("{2150E333-8FDC-42A3-9474-1A3956D46DE8}") = "Core", "Core", "{6A35FF3A-B74A-4B25-A12C-DC588AE5DDEC}"
EndProject
Project("{2150E333-8FDC-42A3-9474-1A3956D46DE8}") = "src", "src", "{B1B6772E-C8E7-4E05-B0EE-3C94DF9C5755}"
EndProject
Project("{2150E333-8FDC-42A3-9474-1A3956D46DE8}") = "Presentations", "Presentations", "{AB706DC0-467B-4CD1-B5EF-3753B6C593D9}"
EndProject
Project("{2150E333-8FDC-42A3-9474-1A3956D46DE8}") = "Persistence", "Persistence", "{2970E420-9E8E-485F-A158-6A63D278F66C}"
EndProject
Project("{2150E333-8FDC-42A3-9474-1A3956D46DE8}") = "test", "test", "{D5C9974D-D8FC-4A84-BEDA-4C415BCBF4DF}"
EndProject
Project("{9A19103F-16F7-4668-BE54-9A1E7A4F7556}") = "Adecco.Application.Test", "test\Adecco.Application.Test\Adecco.Application.Test.csproj", "{F0AB712C-AFDA-44A0-92BE-5FAABA796129}"
EndProject
Project("{2150E333-8FDC-42A3-9474-1A3956D46DE8}") = "Api", "Api", "{E4722166-373E-47A0-A5A7-8388A2BF5123}"
EndProject
Project("{2150E333-8FDC-42A3-9474-1A3956D46DE8}") = "UI", "UI", "{32FF53DF-3138-4BEC-B974-3445304583AA}"
EndProject
Project("{9A19103F-16F7-4668-BE54-9A1E7A4F7556}") = "Adecco.API", "src\Adecco.API\Adecco.API.csproj", "{3C2915C4-4599-4CC6-AB7F-FD53C14B5679}"
EndProject
Project("{9A19103F-16F7-4668-BE54-9A1E7A4F7556}") = "Adecco.Web", "src\Adecco.Web\Adecco.Web\Adecco.Web.csproj", "{0C5E6B3B-7FDB-4E5E-9F11-A4DA70659BAB}"
EndProject
Project("{9A19103F-16F7-4668-BE54-9A1E7A4F7556}") = "Adecco.Web.Client", "src\Adecco.Web\Adecco.Web.Client\Adecco.Web.Client.csproj", "{F5E4D602-3757-43D0-AE2F-DB2A178B2F49}"
EndProject
Global
	GlobalSection(SolutionConfigurationPlatforms) = preSolution
		Debug|Any CPU = Debug|Any CPU
		Release|Any CPU = Release|Any CPU
	EndGlobalSection
	GlobalSection(ProjectConfigurationPlatforms) = postSolution
		{917FB644-3B28-4554-AF63-72E92B663A24}.Debug|Any CPU.ActiveCfg = Debug|Any CPU
		{917FB644-3B28-4554-AF63-72E92B663A24}.Debug|Any CPU.Build.0 = Debug|Any CPU
		{917FB644-3B28-4554-AF63-72E92B663A24}.Release|Any CPU.ActiveCfg = Release|Any CPU
		{917FB644-3B28-4554-AF63-72E92B663A24}.Release|Any CPU.Build.0 = Release|Any CPU
		{631A9875-AA6B-498B-ADE1-CAFE7336122F}.Debug|Any CPU.ActiveCfg = Debug|Any CPU
		{631A9875-AA6B-498B-ADE1-CAFE7336122F}.Debug|Any CPU.Build.0 = Debug|Any CPU
		{631A9875-AA6B-498B-ADE1-CAFE7336122F}.Release|Any CPU.ActiveCfg = Release|Any CPU
		{631A9875-AA6B-498B-ADE1-CAFE7336122F}.Release|Any CPU.Build.0 = Release|Any CPU
		{964A7DFE-0046-4FBF-896D-B140F76E8ACA}.Debug|Any CPU.ActiveCfg = Debug|Any CPU
		{964A7DFE-0046-4FBF-896D-B140F76E8ACA}.Debug|Any CPU.Build.0 = Debug|Any CPU
		{964A7DFE-0046-4FBF-896D-B140F76E8ACA}.Release|Any CPU.ActiveCfg = Release|Any CPU
		{964A7DFE-0046-4FBF-896D-B140F76E8ACA}.Release|Any CPU.Build.0 = Release|Any CPU
		{F0AB712C-AFDA-44A0-92BE-5FAABA796129}.Debug|Any CPU.ActiveCfg = Debug|Any CPU
		{F0AB712C-AFDA-44A0-92BE-5FAABA796129}.Debug|Any CPU.Build.0 = Debug|Any CPU
		{F0AB712C-AFDA-44A0-92BE-5FAABA796129}.Release|Any CPU.ActiveCfg = Release|Any CPU
		{F0AB712C-AFDA-44A0-92BE-5FAABA796129}.Release|Any CPU.Build.0 = Release|Any CPU
		{3C2915C4-4599-4CC6-AB7F-FD53C14B5679}.Debug|Any CPU.ActiveCfg = Debug|Any CPU
		{3C2915C4-4599-4CC6-AB7F-FD53C14B5679}.Debug|Any CPU.Build.0 = Debug|Any CPU
		{3C2915C4-4599-4CC6-AB7F-FD53C14B5679}.Release|Any CPU.ActiveCfg = Release|Any CPU
		{3C2915C4-4599-4CC6-AB7F-FD53C14B5679}.Release|Any CPU.Build.0 = Release|Any CPU
		{0C5E6B3B-7FDB-4E5E-9F11-A4DA70659BAB}.Debug|Any CPU.ActiveCfg = Debug|Any CPU
		{0C5E6B3B-7FDB-4E5E-9F11-A4DA70659BAB}.Debug|Any CPU.Build.0 = Debug|Any CPU
		{0C5E6B3B-7FDB-4E5E-9F11-A4DA70659BAB}.Release|Any CPU.ActiveCfg = Release|Any CPU
		{0C5E6B3B-7FDB-4E5E-9F11-A4DA70659BAB}.Release|Any CPU.Build.0 = Release|Any CPU
		{F5E4D602-3757-43D0-AE2F-DB2A178B2F49}.Debug|Any CPU.ActiveCfg = Debug|Any CPU
		{F5E4D602-3757-43D0-AE2F-DB2A178B2F49}.Debug|Any CPU.Build.0 = Debug|Any CPU
		{F5E4D602-3757-43D0-AE2F-DB2A178B2F49}.Release|Any CPU.ActiveCfg = Release|Any CPU
		{F5E4D602-3757-43D0-AE2F-DB2A178B2F49}.Release|Any CPU.Build.0 = Release|Any CPU
	EndGlobalSection
	GlobalSection(SolutionProperties) = preSolution
		HideSolutionNode = FALSE
	EndGlobalSection
	GlobalSection(NestedProjects) = preSolution
		{917FB644-3B28-4554-AF63-72E92B663A24} = {6A35FF3A-B74A-4B25-A12C-DC588AE5DDEC}
		{631A9875-AA6B-498B-ADE1-CAFE7336122F} = {6A35FF3A-B74A-4B25-A12C-DC588AE5DDEC}
		{964A7DFE-0046-4FBF-896D-B140F76E8ACA} = {2970E420-9E8E-485F-A158-6A63D278F66C}
		{6A35FF3A-B74A-4B25-A12C-DC588AE5DDEC} = {B1B6772E-C8E7-4E05-B0EE-3C94DF9C5755}
		{AB706DC0-467B-4CD1-B5EF-3753B6C593D9} = {B1B6772E-C8E7-4E05-B0EE-3C94DF9C5755}
		{2970E420-9E8E-485F-A158-6A63D278F66C} = {B1B6772E-C8E7-4E05-B0EE-3C94DF9C5755}
		{F0AB712C-AFDA-44A0-92BE-5FAABA796129} = {D5C9974D-D8FC-4A84-BEDA-4C415BCBF4DF}
		{E4722166-373E-47A0-A5A7-8388A2BF5123} = {AB706DC0-467B-4CD1-B5EF-3753B6C593D9}
		{32FF53DF-3138-4BEC-B974-3445304583AA} = {AB706DC0-467B-4CD1-B5EF-3753B6C593D9}
		{3C2915C4-4599-4CC6-AB7F-FD53C14B5679} = {E4722166-373E-47A0-A5A7-8388A2BF5123}
		{0C5E6B3B-7FDB-4E5E-9F11-A4DA70659BAB} = {32FF53DF-3138-4BEC-B974-3445304583AA}
		{F5E4D602-3757-43D0-AE2F-DB2A178B2F49} = {32FF53DF-3138-4BEC-B974-3445304583AA}
	EndGlobalSection
	GlobalSection(ExtensibilityGlobals) = postSolution
		SolutionGuid = {C57EDF0D-DA3A-47F8-823C-B8E61A6D0D34}
	EndGlobalSection
EndGlobal
