
Microsoft Visual Studio Solution File, Format Version 12.00
# Visual Studio Version 17
VisualStudioVersion = 17.0.31903.59
MinimumVisualStudioVersion = 10.0.40219.1
Project("{9A19103F-16F7-4668-BE54-9A1E7A4F7556}") = "Adecco.API", "src\Adecco.API\Adecco.API.csproj", "{C25A5E51-7B6F-4117-82E6-521A1A54D326}"
EndProject
Project("{FAE04EC0-301F-11D3-BF4B-00C04F79EFBC}") = "Adecco.Core", "src\Adecco.Core\Adecco.Core.csproj", "{917FB644-3B28-4554-AF63-72E92B663A24}"
EndProject
Project("{FAE04EC0-301F-11D3-BF4B-00C04F79EFBC}") = "Adecco.Application", "src\Adecco.Application\Adecco.Application.csproj", "{631A9875-AA6B-498B-ADE1-CAFE7336122F}"
EndProject
Project("{FAE04EC0-301F-11D3-BF4B-00C04F79EFBC}") = "Adecco.Persistence", "src\Adecco.Persistence\Adecco.Persistence.csproj", "{964A7DFE-0046-4FBF-896D-B140F76E8ACA}"
EndProject
Global
	GlobalSection(SolutionConfigurationPlatforms) = preSolution
		Debug|Any CPU = Debug|Any CPU
		Release|Any CPU = Release|Any CPU
	EndGlobalSection
	GlobalSection(ProjectConfigurationPlatforms) = postSolution
		{C25A5E51-7B6F-4117-82E6-521A1A54D326}.Debug|Any CPU.ActiveCfg = Debug|Any CPU
		{C25A5E51-7B6F-4117-82E6-521A1A54D326}.Debug|Any CPU.Build.0 = Debug|Any CPU
		{C25A5E51-7B6F-4117-82E6-521A1A54D326}.Release|Any CPU.ActiveCfg = Release|Any CPU
		{C25A5E51-7B6F-4117-82E6-521A1A54D326}.Release|Any CPU.Build.0 = Release|Any CPU
		{917FB644-3B28-4554-AF63-72E92B663A24}.Debug|Any CPU.ActiveCfg = Debug|Any CPU
		{917FB644-3B28-4554-AF63-72E92B663A24}.Debug|Any CPU.Build.0 = Debug|Any CPU
		{917FB644-3B28-4554-AF63-72E92B663A24}.Release|Any CPU.ActiveCfg = Release|Any CPU
		{917FB644-3B28-4554-AF63-72E92B663A24}.Release|Any CPU.Build.0 = Release|Any CPU
		{631A9875-AA6B-498B-ADE1-CAFE7336122F}.Debug|Any CPU.ActiveCfg = Debug|Any CPU
		{631A9875-AA6B-498B-ADE1-CAFE7336122F}.Debug|Any CPU.Build.0 = Debug|Any CPU
		{631A9875-AA6B-498B-ADE1-CAFE7336122F}.Release|Any CPU.ActiveCfg = Release|Any CPU
		{631A9875-AA6B-498B-ADE1-CAFE7336122F}.Release|Any CPU.Build.0 = Release|Any CPU
		{964A7DFE-0046-4FBF-896D-B140F76E8ACA}.Debug|Any CPU.ActiveCfg = Debug|Any CPU
		{964A7DFE-0046-4FBF-896D-B140F76E8ACA}.Debug|Any CPU.Build.0 = Debug|Any CPU
		{964A7DFE-0046-4FBF-896D-B140F76E8ACA}.Release|Any CPU.ActiveCfg = Release|Any CPU
		{964A7DFE-0046-4FBF-896D-B140F76E8ACA}.Release|Any CPU.Build.0 = Release|Any CPU
	EndGlobalSection
	GlobalSection(SolutionProperties) = preSolution
		HideSolutionNode = FALSE
	EndGlobalSection
	GlobalSection(ExtensibilityGlobals) = postSolution
		SolutionGuid = {C57EDF0D-DA3A-47F8-823C-B8E61A6D0D34}
	EndGlobalSection
EndGlobal
